
Microsoft Visual Studio Solution File, Format Version 12.00
# Visual Studio Version 17
VisualStudioVersion = 17.4.33205.214
MinimumVisualStudioVersion = 10.0.40219.1
Project("{FAE04EC0-301F-11D3-BF4B-00C04F79EFBC}") = "h-xamarin.Android", "h-xamarin\h-xamarin.Android\h-xamarin.Android.csproj", "{A7B354DD-CC92-49F1-B3B9-FE2CD317B40E}"
EndProject
Project("{9A19103F-16F7-4668-BE54-9A1E7A4F7556}") = "h-xamarin", "h-xamarin\h-xamarin\h-xamarin.csproj", "{56F66B43-27E8-4417-8B76-51909813257B}"
EndProject
Global
	GlobalSection(SolutionConfigurationPlatforms) = preSolution
		Debug|Any CPU = Debug|Any CPU
		Release|Any CPU = Release|Any CPU
	EndGlobalSection
	GlobalSection(ProjectConfigurationPlatforms) = postSolution
		{A7B354DD-CC92-49F1-B3B9-FE2CD317B40E}.Debug|Any CPU.ActiveCfg = Debug|Any CPU
		{A7B354DD-CC92-49F1-B3B9-FE2CD317B40E}.Debug|Any CPU.Build.0 = Debug|Any CPU
		{A7B354DD-CC92-49F1-B3B9-FE2CD317B40E}.Debug|Any CPU.Deploy.0 = Debug|Any CPU
		{A7B354DD-CC92-49F1-B3B9-FE2CD317B40E}.Release|Any CPU.ActiveCfg = Release|Any CPU
		{A7B354DD-CC92-49F1-B3B9-FE2CD317B40E}.Release|Any CPU.Build.0 = Release|Any CPU
		{A7B354DD-CC92-49F1-B3B9-FE2CD317B40E}.Release|Any CPU.Deploy.0 = Release|Any CPU
		{56F66B43-27E8-4417-8B76-51909813257B}.Debug|Any CPU.ActiveCfg = Debug|Any CPU
		{56F66B43-27E8-4417-8B76-51909813257B}.Debug|Any CPU.Build.0 = Debug|Any CPU
		{56F66B43-27E8-4417-8B76-51909813257B}.Debug|Any CPU.Deploy.0 = Debug|Any CPU
		{56F66B43-27E8-4417-8B76-51909813257B}.Release|Any CPU.ActiveCfg = Release|Any CPU
		{56F66B43-27E8-4417-8B76-51909813257B}.Release|Any CPU.Build.0 = Release|Any CPU
		{56F66B43-27E8-4417-8B76-51909813257B}.Release|Any CPU.Deploy.0 = Release|Any CPU
	EndGlobalSection
	GlobalSection(SolutionProperties) = preSolution
		HideSolutionNode = FALSE
	EndGlobalSection
	GlobalSection(ExtensibilityGlobals) = postSolution
		SolutionGuid = {69B7BDAF-74E4-49CB-AC59-DCE7D898A8F2}
	EndGlobalSection
EndGlobal
